{"format_version":"1.0","provider_schemas":{"registry.terraform.io/permitio/permit-io":{"provider":{"version":0,"block":{"attributes":{"api_key":{"type":"string","description":"The API key for Permit.io API (Required)","description_kind":"markdown","optional":true,"sensitive":true},"api_url":{"type":"string","description":"The URL of Permit.io API","description_kind":"markdown","optional":true},"timeout":{"type":"number","description":"Timeout for the requests to Permit.io API - default is 10 seconds","description_kind":"markdown","optional":true}},"description_kind":"plain"}},"resource_schemas":{"permitio_condition_set_rule":{"version":0,"block":{"attributes":{"environment_id":{"type":"string","description":"Unique id of the environment that owns the condition set rule","description_kind":"markdown","computed":true},"id":{"type":"string","description":"Unique id of the condition set rule","description_kind":"markdown","computed":true},"organization_id":{"type":"string","description":"Unique id of the organization that owns the condition set rule","description_kind":"markdown","computed":true},"permission":{"type":"string","description":"The permission that will be granted to the userset on the resourceset. The permission can be either a resource action id, or {resource_key}:{action_key}, i.e: the \"permission name\".","description_kind":"markdown","required":true},"project_id":{"type":"string","description":"Unique id of the project that owns the condition set rule","description_kind":"markdown","computed":true},"resource_set":{"type":"string","description":"The resourceset that represents the resources that are granted for access, i.e: all the resources matching this rule can be accessed by the userset to perform the granted permission","description_kind":"markdown","required":true},"user_set":{"type":"string","description":"The userset that will be given permission, i.e: all the users matching this rule will be given the specified permission","description_kind":"markdown","required":true}},"description":"See [our documentation](https://api.permit.io/v2/redoc#tag/Condition-Set-Rules) for more information on condition sets rules.","description_kind":"markdown"}},"permitio_proxy_config":{"version":0,"block":{"attributes":{"auth_mechanism":{"type":"string","description":"Default: \"Bearer\"\nEnum: \"Bearer\" \"Basic\" \"Headers\"\nProxy config auth mechanism will define the authentication mechanism that will be used to authenticate the request.\n\nBearer injects the secret into the Authorization header as a Bearer token,\n\nBasic injects the secret into the Authorization header as a Basic user:password,\n\nHeaders injects plain headers into the request.","description_kind":"markdown","required":true},"auth_secret":{"nested_type":{"attributes":{"basic":{"type":"string","description_kind":"plain","optional":true},"bearer":{"type":"string","description_kind":"plain","optional":true},"headers":{"type":["map","string"],"description_kind":"plain","optional":true}},"nesting_mode":"single"},"description":"Proxy config secret is set to enable the Permit Proxy to make proxied requests to the backend service.","description_kind":"markdown","required":true},"environment_id":{"type":"string","description":"Unique id of the environment that owns the proxy config","description_kind":"markdown","computed":true},"id":{"type":"string","description":"Unique id of the proxy config","description_kind":"markdown","computed":true},"key":{"type":"string","description":"Proxy Config is set to enable the Permit Proxy to make proxied requests as part of the Frontend AuthZ.\n\n","description_kind":"markdown","required":true},"mapping_rules":{"nested_type":{"attributes":{"action":{"type":"string","description_kind":"plain","optional":true},"headers":{"type":["map","string"],"description_kind":"plain","optional":true},"http_method":{"type":"string","description_kind":"plain","required":true},"priority":{"type":"number","description_kind":"plain","optional":true},"resource":{"type":"string","description_kind":"plain","required":true},"url":{"type":"string","description_kind":"plain","required":true}},"nesting_mode":"list"},"description":"Proxy config mapping rules will include the rules that will be used to map the request to the backend service by a URL and a http method.","description_kind":"markdown","required":true},"name":{"type":"string","description":"The name of the proxy config, for example: 'Stripe API","description_kind":"markdown","required":true},"organization_id":{"type":"string","description":"Unique id of the organization that owns the proxy config","description_kind":"markdown","computed":true},"project_id":{"type":"string","description":"Unique id of the project that owns the proxy config","description_kind":"markdown","computed":true}},"description":"See [the documentation](https://api.permit.io/v2/redoc#tag/Proxy-Config/operation/create_proxy_config) for more information about proxy configs.","description_kind":"markdown"}},"permitio_relation":{"version":0,"block":{"attributes":{"created_at":{"type":"string","description":"The creation timestamp. This is a timestamp for when the object was created. ","description_kind":"markdown","computed":true},"description":{"type":"string","description":"The description. This is a human-readable description for the object. ","description_kind":"markdown","optional":true,"computed":true},"environment_id":{"type":"string","description":"The environment ID. This is a unique identifier for the environment. ","description_kind":"markdown","computed":true},"id":{"type":"string","description":"The resource ID. This is a unique identifier for the resource. ","description_kind":"markdown","computed":true},"key":{"type":"string","description":"The key. This is a unique identifier. ","description_kind":"markdown","required":true},"name":{"type":"string","description":"The name. This is a human-readable name for the object. ","description_kind":"markdown","required":true},"object_resource":{"type":"string","description":"The object resource ID or key","description_kind":"markdown","required":true},"object_resource_id":{"type":"string","description":"The object resource ID","description_kind":"markdown","computed":true},"organization_id":{"type":"string","description":"The organization ID. This is a unique identifier for the organization. ","description_kind":"markdown","computed":true},"project_id":{"type":"string","description":"The project ID. This is a unique identifier for the project. ","description_kind":"markdown","computed":true},"subject_resource":{"type":"string","description":"The subject resource ID or key","description_kind":"markdown","required":true},"subject_resource_id":{"type":"string","description":"The subject resource ID","description_kind":"markdown","computed":true},"updated_at":{"type":"string","description":"The update timestamp. This is a timestamp for when the object was last updated. ","description_kind":"markdown","optional":true,"computed":true}},"description":"See [the documentation](https://api.permit.io/v2/redoc#tag/Resource-Relations/operation/create_resource_relation) for more information about Relations","description_kind":"markdown"}},"permitio_resource":{"version":0,"block":{"attributes":{"actions":{"nested_type":{"attributes":{"description":{"type":"string","description_kind":"plain","optional":true},"id":{"type":"string","description_kind":"plain","computed":true},"name":{"type":"string","description_kind":"plain","required":true}},"nesting_mode":"map"},"description":"A actions definition block, typically contained within a resource type definition block.\n    The actions represents the ways you can interact with a protected resource.","description_kind":"markdown","required":true},"attributes":{"nested_type":{"attributes":{"description":{"type":"string","description_kind":"plain","optional":true},"type":{"type":"string","description_kind":"plain","required":true}},"nesting_mode":"map"},"description":"Attributes that each resource of this type defines, and can be used in your ABAC policies.","description_kind":"markdown","optional":true},"created_at":{"type":"string","description":"Timestamp when the resource was created","description_kind":"markdown","computed":true},"description":{"type":"string","description":"An optional longer description of what this resource respresents in your system","description_kind":"markdown","optional":true,"computed":true},"environment_id":{"type":"string","description":"Unique id of the environment that owns the resource","description_kind":"markdown","computed":true},"id":{"type":"string","description":"Unique id of the resource","description_kind":"markdown","computed":true},"key":{"type":"string","description":"A URL-friendly name of the resource (i.e: slug). You will be able to query later using this key instead of the id (UUID) of the resource.","description_kind":"markdown","required":true},"name":{"type":"string","description":"The name of the resource","description_kind":"markdown","required":true},"organization_id":{"type":"string","description":"Unique id of the organization that owns the resource","description_kind":"markdown","computed":true},"project_id":{"type":"string","description":"Unique id of the project that owns the resource","description_kind":"markdown","computed":true},"updated_at":{"type":"string","description":"Timestamp when the resource was last updated","description_kind":"markdown","optional":true,"computed":true},"urn":{"type":"string","description":"The URN (Uniform Resource Name) of the resource","description_kind":"markdown","optional":true,"computed":true}},"description":"See [the documentation](https://api.permit.io/v2/redoc#tag/Resources/operation/create_resource) for more information about resources.","description_kind":"markdown"}},"permitio_resource_set":{"version":0,"block":{"attributes":{"conditions":{"type":"string","description":"a boolean expression that consists of multiple conditions, with and/or logic.","description_kind":"markdown","required":true},"description":{"type":"string","description":"an optional longer description of the set","description_kind":"markdown","optional":true,"computed":true},"environment_id":{"type":"string","description":"The id of the environment to which the condition set belongs.","description_kind":"markdown","computed":true},"id":{"type":"string","description":"A unique id by which Permit will identify the condition set. The key will be used as the generated rego rule name.\n\n","description_kind":"markdown","computed":true},"key":{"type":"string","description":"A unique id by which Permit will identify the condition set. The key will be used as the generated rego rule name.","description_kind":"markdown","required":true},"name":{"type":"string","description":"A descriptive name for the set, i.e: 'US based employees' or 'Users behind VPN'","description_kind":"markdown","required":true},"organization_id":{"type":"string","description":"The id of the organization to which the condition set belongs.","description_kind":"markdown","computed":true},"project_id":{"type":"string","description":"The id of the project to which the condition set belongs.","description_kind":"markdown","computed":true},"resource":{"type":"string","description_kind":"plain","required":true}},"description":"See the [our documentation](https://api.permit.io/v2/redoc#tag/Condition-Sets/operation/create_condition_set) for more information on condition sets.","description_kind":"markdown"}},"permitio_role":{"version":0,"block":{"attributes":{"created_at":{"type":"string","description":"The creation timestamp. This is a timestamp for when the object was created. ","description_kind":"markdown","computed":true},"description":{"type":"string","description":"The description. This is a human-readable description for the object. ","description_kind":"markdown","optional":true,"computed":true},"environment_id":{"type":"string","description":"The environment ID. This is a unique identifier for the environment. ","description_kind":"markdown","computed":true},"extends":{"type":["set","string"],"description":"list of role keys that define what roles this role extends. In other words: this role will automatically inherit all the permissions of the given roles in this list.","description_kind":"markdown","optional":true,"computed":true},"id":{"type":"string","description":"The resource ID. This is a unique identifier for the resource. ","description_kind":"markdown","computed":true},"key":{"type":"string","description":"The key. This is a unique identifier. ","description_kind":"markdown","required":true},"name":{"type":"string","description":"The name. This is a human-readable name for the object. ","description_kind":"markdown","required":true},"organization_id":{"type":"string","description":"The organization ID. This is a unique identifier for the organization. ","description_kind":"markdown","computed":true},"permissions":{"type":["set","string"],"description":"list of action keys that define what actions this resource role is permitted to do","description_kind":"markdown","optional":true,"computed":true},"project_id":{"type":"string","description":"The project ID. This is a unique identifier for the project. ","description_kind":"markdown","computed":true},"resource":{"type":"string","description":"The unique resource key that the role belongs to.","description_kind":"markdown","optional":true},"resource_id":{"type":"string","description":"The unique resource ID that the role belongs to.","description_kind":"markdown","computed":true},"updated_at":{"type":"string","description":"The update timestamp. This is a timestamp for when the object was last updated. ","description_kind":"markdown","optional":true,"computed":true}},"description":"See [the documentation](https://api.permit.io/v2/redoc#tag/Resources/operation/create_resource) for more information about roles.\n You can also read about Resource Roles [here](https://api.permit.io/v2/redoc#tag/Resource-Roles/operation/create_resource_role).","description_kind":"markdown"}},"permitio_role_derivation":{"version":0,"block":{"attributes":{"linked_by":{"type":"string","description":"The relation that links the resource to the role.","description_kind":"markdown","required":true},"on_resource":{"type":"string","description":"The resource that the user will derive the role on.","description_kind":"markdown","required":true},"resource":{"type":"string","description":"Either the unique id of the resource, or the URL-friendly key of the resource that you want to create role derivation for.","description_kind":"markdown","required":true},"role":{"type":"string","description":"The role that the user will derive.","description_kind":"markdown","required":true},"to_role":{"type":"string","description":"The role that you want to create role derivation for.","description_kind":"markdown","required":true}},"description":"See [the documentation](https://api.permit.io/v2/redoc#tag/Implicit-Grants/operation/create_implicit_grant) for more information on role derivations.","description_kind":"markdown"}},"permitio_user_set":{"version":0,"block":{"attributes":{"conditions":{"type":"string","description":"a boolean expression that consists of multiple conditions, with and/or logic.","description_kind":"markdown","required":true},"description":{"type":"string","description":"an optional longer description of the set","description_kind":"markdown","optional":true,"computed":true},"environment_id":{"type":"string","description":"The id of the environment to which the condition set belongs.","description_kind":"markdown","computed":true},"id":{"type":"string","description":"A unique id by which Permit will identify the condition set. The key will be used as the generated rego rule name.\n\n","description_kind":"markdown","computed":true},"key":{"type":"string","description":"A unique id by which Permit will identify the condition set. The key will be used as the generated rego rule name.","description_kind":"markdown","required":true},"name":{"type":"string","description":"A descriptive name for the set, i.e: 'US based employees' or 'Users behind VPN'","description_kind":"markdown","required":true},"organization_id":{"type":"string","description":"The id of the organization to which the condition set belongs.","description_kind":"markdown","computed":true},"project_id":{"type":"string","description":"The id of the project to which the condition set belongs.","description_kind":"markdown","computed":true},"resource":{"type":"string","description":"The resource id to which the condition set applies. This is only required for resource sets.","description_kind":"markdown","optional":true}},"description":"See the [our documentation](https://api.permit.io/v2/redoc#tag/Condition-Sets/operation/create_condition_set) for more information on condition sets.","description_kind":"markdown"}}},"data_source_schemas":{"permitio_condition_set":{"version":0,"block":{"attributes":{"conditions":{"type":"string","description_kind":"plain","required":true},"description":{"type":"string","description_kind":"plain","optional":true,"computed":true},"environment_id":{"type":"string","description_kind":"plain","computed":true},"id":{"type":"string","description_kind":"plain","computed":true},"key":{"type":"string","description_kind":"plain","required":true},"name":{"type":"string","description_kind":"plain","required":true},"organization_id":{"type":"string","description_kind":"plain","computed":true},"project_id":{"type":"string","description_kind":"plain","computed":true},"resource":{"type":"string","description_kind":"plain","optional":true},"type":{"type":"string","description_kind":"plain","required":true}},"description_kind":"plain"}},"permitio_resource":{"version":0,"block":{"attributes":{"actions":{"nested_type":{"attributes":{"description":{"type":"string","description_kind":"plain","optional":true},"id":{"type":"string","description_kind":"plain","computed":true},"name":{"type":"string","description_kind":"plain","required":true}},"nesting_mode":"map"},"description_kind":"plain","required":true},"attributes":{"nested_type":{"attributes":{"description":{"type":"string","description_kind":"plain","optional":true},"type":{"type":"string","description_kind":"plain","required":true}},"nesting_mode":"map"},"description_kind":"plain","optional":true},"created_at":{"type":"string","description_kind":"plain","computed":true},"description":{"type":"string","description_kind":"plain","optional":true,"computed":true},"environment_id":{"type":"string","description_kind":"plain","computed":true},"id":{"type":"string","description_kind":"plain","computed":true},"key":{"type":"string","description_kind":"plain","required":true},"name":{"type":"string","description_kind":"plain","required":true},"organization_id":{"type":"string","description_kind":"plain","computed":true},"project_id":{"type":"string","description_kind":"plain","computed":true},"updated_at":{"type":"string","description_kind":"plain","optional":true,"computed":true},"urn":{"type":"string","description_kind":"plain","optional":true,"computed":true}},"description_kind":"plain"}},"permitio_role":{"version":0,"block":{"attributes":{"created_at":{"type":"string","description_kind":"plain","computed":true},"description":{"type":"string","description_kind":"plain","optional":true,"computed":true},"environment_id":{"type":"string","description_kind":"plain","computed":true},"extends":{"type":["list","string"],"description_kind":"plain","optional":true},"id":{"type":"string","description_kind":"plain","computed":true},"key":{"type":"string","description_kind":"plain","required":true},"name":{"type":"string","description_kind":"plain","required":true},"organization_id":{"type":"string","description_kind":"plain","computed":true},"permissions":{"type":["list","string"],"description_kind":"plain","optional":true},"project_id":{"type":"string","description_kind":"plain","computed":true},"updated_at":{"type":"string","description_kind":"plain","optional":true,"computed":true}},"description_kind":"plain"}}}}}}
